
Microsoft Visual Studio Solution File, Format Version 12.00
# Visual Studio Version 17
VisualStudioVersion = 17.9.34714.143
MinimumVisualStudioVersion = 10.0.40219.1
Project("{9A19103F-16F7-4668-BE54-9A1E7A4F7556}") = "Fast-Dog-Rally-PWA", "Fast-Dog-Rally-PWA.csproj", "{295EA87F-5AB3-4F47-B3BA-7D39E407951F}"
EndProject
Global
	GlobalSection(SolutionConfigurationPlatforms) = preSolution
		Debug|Any CPU = Debug|Any CPU
		Release|Any CPU = Release|Any CPU
	EndGlobalSection
	GlobalSection(ProjectConfigurationPlatforms) = postSolution
		{295EA87F-5AB3-4F47-B3BA-7D39E407951F}.Debug|Any CPU.ActiveCfg = Debug|Any CPU
		{295EA87F-5AB3-4F47-B3BA-7D39E407951F}.Debug|Any CPU.Build.0 = Debug|Any CPU
		{295EA87F-5AB3-4F47-B3BA-7D39E407951F}.Release|Any CPU.ActiveCfg = Release|Any CPU
		{295EA87F-5AB3-4F47-B3BA-7D39E407951F}.Release|Any CPU.Build.0 = Release|Any CPU
	EndGlobalSection
	GlobalSection(SolutionProperties) = preSolution
		HideSolutionNode = FALSE
	EndGlobalSection
	GlobalSection(ExtensibilityGlobals) = postSolution
		SolutionGuid = {7D8E7187-E354-4FC2-9BFE-20359E02C356}
	EndGlobalSection
EndGlobal
